{
    "_readme": [
        "This file locks the dependencies of your project to a known state",
        "Read more about it at http://getcomposer.org/doc/01-basic-usage.md#composer-lock-the-lock-file"
    ],
    "hash": "f813ee55d631a2c8c24bf9e650958d03",
    "packages": [
        {
            "name": "zendframework/zend-code",
            "version": "2.2.6",
            "target-dir": "Zend/Code",
            "source": {
                "type": "git",
                "url": "https://github.com/zendframework/Component_ZendCode.git",
                "reference": "aaf820f205881563cc3c6708149e17364d1bb823"
            },
            "dist": {
                "type": "zip",
                "url": "https://packages.zendframework.com/composer/zendframework-zend-code-aaf820f205881563cc3c6708149e17364d1bb823-zip-866a87.zip",
                "reference": "2.2.6",
                "shasum": "e371f51047fbab982431f27661899b63f2cf6e58"
            },
            "require": {
                "php": ">=5.3.3",
                "zendframework/zend-eventmanager": "self.version"
            },
            "require-dev": {
                "doctrine/common": ">=2.1"
            },
            "suggest": {
                "doctrine/common": "Doctrine\\Common >=2.1 for annotation features"
            },
            "type": "library",
            "extra": {
                "branch-alias": {
                    "dev-master": "2.2-dev",
                    "dev-develop": "2.3-dev"
                }
            },
            "autoload": {
                "psr-0": {
                    "Zend\\Code\\": ""
                }
            },
            "license": [
                "BSD-3-Clause"
            ],
            "description": "provides facilities to generate arbitrary code using an object oriented interface",
            "keywords": [
                "code",
                "zf2"
            ],
            "support": {
                "source": "https://github.com/zendframework/Component_ZendCode/tree/master"
            },
            "time": "2014-02-15 15:00:07"
        },
        {
            "name": "zendframework/zend-escaper",
            "version": "2.2.6",
            "target-dir": "Zend/Escaper",
            "source": {
                "type": "git",
                "url": "https://github.com/zendframework/Component_ZendEscaper.git",
                "reference": "80abc4bc1f48b9fe8ed603aaa9eebd6e6f30fd0f"
            },
            "dist": {
                "type": "zip",
                "url": "https://packages.zendframework.com/composer/zendframework-zend-escaper-80abc4bc1f48b9fe8ed603aaa9eebd6e6f30fd0f-zip-f8ee22.zip",
                "reference": "2.2.6",
                "shasum": "1e1ef441c900787d0ac3113549cd04eaff0f3485"
            },
            "require": {
                "php": ">=5.3.3"
            },
            "type": "library",
            "extra": {
                "branch-alias": {
                    "dev-master": "2.2-dev",
                    "dev-develop": "2.3-dev"
                }
            },
            "autoload": {
                "psr-0": {
                    "Zend\\Escaper\\": ""
                }
            },
            "license": [
                "BSD-3-Clause"
            ],
            "description": " ",
            "keywords": [
                "escaper",
                "zf2"
            ],
            "support": {
                "source": "https://github.com/zendframework/Component_ZendEscaper/tree/master"
            },
            "time": "2014-01-04 13:00:13"
        },
        {
            "name": "zendframework/zend-eventmanager",
            "version": "2.2.6",
            "target-dir": "Zend/EventManager",
            "source": {
                "type": "git",
                "url": "https://github.com/zendframework/Component_ZendEventManager.git",
                "reference": "89368704bb37303fba64c3ddd6bce0506aa7187c"
            },
            "dist": {
                "type": "zip",
                "url": "https://packages.zendframework.com/composer/zendframework-zend-eventmanager-89368704bb37303fba64c3ddd6bce0506aa7187c-zip-18ca8d.zip",
                "reference": "2.2.6",
                "shasum": "d5ed08b5fe9034374acfb542a34ad752a09eb118"
            },
            "require": {
                "php": ">=5.3.3",
                "zendframework/zend-stdlib": "self.version"
            },
            "type": "library",
            "extra": {
                "branch-alias": {
                    "dev-master": "2.2-dev",
                    "dev-develop": "2.3-dev"
                }
            },
            "autoload": {
                "psr-0": {
                    "Zend\\EventManager\\": ""
                }
            },
            "license": [
                "BSD-3-Clause"
            ],
            "description": " ",
            "keywords": [
                "eventmanager",
                "zf2"
            ],
            "support": {
                "source": "https://github.com/zendframework/Component_ZendEventManager/tree/master"
            },
            "time": "2014-01-04 13:00:14"
        },
        {
            "name": "zendframework/zend-http",
            "version": "2.2.6",
            "target-dir": "Zend/Http",
            "source": {
                "type": "git",
                "url": "https://github.com/zendframework/Component_ZendHttp.git",
                "reference": "b91bea1d5972da19169dc2d546a45a8208df00b3"
            },
            "dist": {
                "type": "zip",
                "url": "https://packages.zendframework.com/composer/zendframework-zend-http-b91bea1d5972da19169dc2d546a45a8208df00b3-zip-477078.zip",
                "reference": "2.2.6",
                "shasum": "7d2423e8cc7a65655861853e1c8e48fb13386ac3"
            },
            "require": {
                "php": ">=5.3.3",
                "zendframework/zend-loader": "self.version",
                "zendframework/zend-stdlib": "self.version",
                "zendframework/zend-uri": "self.version",
                "zendframework/zend-validator": "self.version"
            },
            "type": "library",
            "extra": {
                "branch-alias": {
                    "dev-master": "2.2-dev",
                    "dev-develop": "2.3-dev"
                }
            },
            "autoload": {
                "psr-0": {
                    "Zend\\Http\\": ""
                }
            },
            "license": [
                "BSD-3-Clause"
            ],
            "description": "provides an easy interface for performing Hyper-Text Transfer Protocol (HTTP) requests",
            "keywords": [
                "http",
                "zf2"
            ],
            "support": {
                "source": "https://github.com/zendframework/Component_ZendHttp/tree/master"
            },
            "time": "2014-03-05 21:00:05"
        },
        {
            "name": "zendframework/zend-loader",
            "version": "2.2.6",
            "target-dir": "Zend/Loader",
            "source": {
                "type": "git",
                "url": "https://github.com/zendframework/Component_ZendLoader.git",
                "reference": "27a9f770630839e36cd5705f3661b5ef9abf8793"
            },
            "dist": {
                "type": "zip",
                "url": "https://packages.zendframework.com/composer/zendframework-zend-loader-27a9f770630839e36cd5705f3661b5ef9abf8793-zip-d1b468.zip",
                "reference": "2.2.6",
                "shasum": "a481bf2bb0abc35a0c652e4b9079914c07c9792f"
            },
            "require": {
                "php": ">=5.3.3"
            },
            "type": "library",
            "extra": {
                "branch-alias": {
                    "dev-master": "2.2-dev",
                    "dev-develop": "2.3-dev"
                }
            },
            "autoload": {
                "psr-0": {
                    "Zend\\Loader\\": ""
                }
            },
            "license": [
                "BSD-3-Clause"
            ],
            "description": " ",
            "keywords": [
                "loader",
                "zf2"
            ],
            "support": {
                "source": "https://github.com/zendframework/Component_ZendLoader/tree/master"
            },
            "time": "2014-03-06 18:00:07"
        },
        {
            "name": "zendframework/zend-math",
            "version": "2.2.6",
            "target-dir": "Zend/Math",
            "source": {
                "type": "git",
                "url": "https://github.com/zendframework/Component_ZendMath.git",
                "reference": "b982ee2edafd4075b22372596ab2e2fdd0f6424e"
            },
            "dist": {
                "type": "zip",
                "url": "https://packages.zendframework.com/composer/zendframework-zend-math-b982ee2edafd4075b22372596ab2e2fdd0f6424e-zip-f99862.zip",
                "reference": "2.2.6",
                "shasum": "a03e2a0adb86cc92c52d1b56f57f4e0f7f2f6de7"
            },
            "require": {
                "php": ">=5.3.3"
            },
            "suggest": {
                "ext-bcmath": "If using the bcmath functionality",
                "ext-gmp": "If using the gmp functionality",
                "ircmaxell/random-lib": "Fallback random byte generator for Zend\\Math\\Rand if OpenSSL/Mcrypt extensions are unavailable",
                "zendframework/zend-servicemanager": ">= current version, if using the BigInteger::factory functionality"
            },
            "type": "library",
            "extra": {
                "branch-alias": {
                    "dev-master": "2.2-dev",
                    "dev-develop": "2.3-dev"
                }
            },
            "autoload": {
                "psr-0": {
                    "Zend\\Math\\": ""
                }
            },
            "license": [
                "BSD-3-Clause"
            ],
            "description": " ",
            "keywords": [
                "math",
                "zf2"
            ],
            "support": {
                "source": "https://github.com/zendframework/Component_ZendMath/tree/master"
            },
            "time": "2014-03-05 18:00:06"
        },
        {
            "name": "zendframework/zend-server",
            "version": "2.2.6",
            "target-dir": "Zend/Server",
            "source": {
                "type": "git",
                "url": "https://github.com/zendframework/Component_ZendServer.git",
                "reference": "9ed55412450c009f469c442083cbfdeff2d2762b"
            },
            "dist": {
                "type": "zip",
                "url": "https://packages.zendframework.com/composer/zendframework-zend-server-9ed55412450c009f469c442083cbfdeff2d2762b-zip-4055d5.zip",
                "reference": "2.2.6",
                "shasum": "83d2110bd99e58698827ded074b8b617cb0be99f"
            },
            "require": {
                "php": ">=5.3.3",
                "zendframework/zend-code": "self.version",
                "zendframework/zend-stdlib": "self.version"
            },
            "type": "library",
            "extra": {
                "branch-alias": {
                    "dev-master": "2.2-dev",
                    "dev-develop": "2.3-dev"
                }
            },
            "autoload": {
                "psr-0": {
                    "Zend\\Server\\": ""
                }
            },
            "license": [
                "BSD-3-Clause"
            ],
            "description": " ",
            "keywords": [
                "server",
                "zf2"
            ],
            "support": {
                "source": "https://github.com/zendframework/Component_ZendServer/tree/master"
            },
            "time": "2014-01-02 18:00:27"
        },
        {
            "name": "zendframework/zend-stdlib",
            "version": "2.2.6",
            "target-dir": "Zend/Stdlib",
            "source": {
                "type": "git",
                "url": "https://github.com/zendframework/Component_ZendStdlib.git",
                "reference": "e646729f2274f4552b6a92e38d8e458efe08ebc5"
            },
            "dist": {
                "type": "zip",
                "url": "https://packages.zendframework.com/composer/zendframework-zend-stdlib-e646729f2274f4552b6a92e38d8e458efe08ebc5-zip-58baed.zip",
                "reference": "2.2.6",
                "shasum": "822f5bafb2d9d7df376d8a9b4c12c300a634d7df"
            },
            "require": {
                "php": ">=5.3.3"
            },
            "suggest": {
                "zendframework/zend-eventmanager": "To support aggregate hydrator usage",
                "zendframework/zend-servicemanager": "To support hydrator plugin manager usage"
            },
            "type": "library",
            "extra": {
                "branch-alias": {
                    "dev-master": "2.2-dev",
                    "dev-develop": "2.3-dev"
                }
            },
            "autoload": {
                "psr-0": {
                    "Zend\\Stdlib\\": ""
                }
            },
            "license": [
                "BSD-3-Clause"
            ],
            "description": " ",
            "keywords": [
                "stdlib",
                "zf2"
            ],
            "support": {
                "source": "https://github.com/zendframework/Component_ZendStdlib/tree/master"
            },
            "time": "2014-01-04 13:00:28"
        },
        {
            "name": "zendframework/zend-uri",
            "version": "2.2.6",
            "target-dir": "Zend/Uri",
            "source": {
                "type": "git",
                "url": "https://github.com/zendframework/Component_ZendUri.git",
                "reference": "34bedeea8e58aab8c047df1bbe71a39949ad3813"
            },
            "dist": {
                "type": "zip",
                "url": "https://packages.zendframework.com/composer/zendframework-zend-uri-34bedeea8e58aab8c047df1bbe71a39949ad3813-zip-5ad5f8.zip",
                "reference": "2.2.6",
                "shasum": "11d0f4c0ab617f1efdfbc4678fe1b12cbf53b5c6"
            },
            "require": {
                "php": ">=5.3.3",
                "zendframework/zend-escaper": "self.version",
                "zendframework/zend-validator": "self.version"
            },
            "type": "library",
            "extra": {
                "branch-alias": {
                    "dev-master": "2.2-dev",
                    "dev-develop": "2.3-dev"
                }
            },
            "autoload": {
                "psr-0": {
                    "Zend\\Uri\\": ""
                }
            },
            "license": [
                "BSD-3-Clause"
            ],
            "description": "a component that aids in manipulating and validating » Uniform Resource Identifiers (URIs)",
            "keywords": [
                "uri",
                "zf2"
            ],
            "support": {
                "source": "https://github.com/zendframework/Component_ZendUri/tree/master"
            },
            "time": "2014-03-04 08:00:05"
        },
        {
            "name": "zendframework/zend-validator",
            "version": "2.2.6",
            "target-dir": "Zend/Validator",
            "source": {
                "type": "git",
                "url": "https://github.com/zendframework/Component_ZendValidator.git",
                "reference": "45ba4e595ec15f4b80b04a04db2feb7e22bfda32"
            },
            "dist": {
                "type": "zip",
                "url": "https://packages.zendframework.com/composer/zendframework-zend-validator-45ba4e595ec15f4b80b04a04db2feb7e22bfda32-zip-5e43b5.zip",
                "reference": "2.2.6",
                "shasum": "7b741d3b5ccfe492940249ff94670ed388c380a6"
            },
            "require": {
                "php": ">=5.3.3",
                "zendframework/zend-stdlib": "self.version"
            },
            "require-dev": {
                "zendframework/zend-filter": "self.version",
                "zendframework/zend-i18n": "self.version",
                "zendframework/zend-math": "self.version",
                "zendframework/zend-servicemanager": "self.version"
            },
            "suggest": {
                "zendframework/zend-db": "Zend\\Db component",
                "zendframework/zend-filter": "Zend\\Filter component, required by the Digits validator",
                "zendframework/zend-i18n": "Zend\\I18n component to allow translation of validation error messages as well as to use the various Date validators",
                "zendframework/zend-math": "Zend\\Math component",
                "zendframework/zend-resources": "Translations of validator messages",
                "zendframework/zend-servicemanager": "Zend\\ServiceManager component to allow using the ValidatorPluginManager and validator chains",
                "zendframework/zend-uri": "Zend\\Uri component, required by the Uri and Sitemap\\Loc validators"
            },
            "type": "library",
            "extra": {
                "branch-alias": {
                    "dev-master": "2.2-dev",
                    "dev-develop": "2.3-dev"
                }
            },
            "autoload": {
                "psr-0": {
                    "Zend\\Validator\\": ""
                }
            },
            "license": [
                "BSD-3-Clause"
            ],
            "description": "provides a set of commonly needed validators",
            "keywords": [
                "validator",
                "zf2"
            ],
            "support": {
                "source": "https://github.com/zendframework/Component_ZendValidator/tree/master"
            },
            "time": "2014-03-03 23:00:13"
        },
        {
            "name": "zendframework/zend-xmlrpc",
            "version": "2.2.6",
            "target-dir": "Zend/XmlRpc",
            "source": {
                "type": "git",
                "url": "https://github.com/zendframework/Component_ZendXmlRpc.git",
                "reference": "1e567f72f2941c6386d6da806c19d36595845832"
            },
            "dist": {
                "type": "zip",
                "url": "https://packages.zendframework.com/composer/zendframework-zend-xmlrpc-1e567f72f2941c6386d6da806c19d36595845832-zip-63f1bf.zip",
                "reference": "2.2.6",
                "shasum": "2380a328692ef0ca6a088807f31f00317f4ad3bb"
            },
            "require": {
                "php": ">=5.3.3",
                "zendframework/zend-http": "self.version",
                "zendframework/zend-math": "self.version",
                "zendframework/zend-server": "self.version",
                "zendframework/zend-stdlib": "self.version"
            },
            "type": "library",
            "extra": {
                "branch-alias": {
                    "dev-master": "2.2-dev",
                    "dev-develop": "2.3-dev"
                }
            },
            "autoload": {
                "psr-0": {
                    "Zend\\XmlRpc\\": ""
                }
            },
            "license": [
                "BSD-3-Clause"
            ],
            "description": " ",
            "keywords": [
                "xmlrpc",
                "zf2"
            ],
            "support": {
                "source": "https://github.com/zendframework/Component_ZendXmlRpc/tree/master"
            },
            "time": "2014-03-06 18:00:06"
        },
        {
            "name": "zendframework/zendxml",
            "version": "1.0.0",
            "source": {
                "type": "git",
                "url": "https://github.com/zendframework/ZendXml.git",
                "reference": "559b34f426d33a11c3db118e00ce14bb8dc64e5f"
            },
            "dist": {
                "type": "zip",
                "url": "https://packages.zendframework.com/composer/zendframework-zendxml-559b34f426d33a11c3db118e00ce14bb8dc64e5f-zip-6cf7a2.zip",
                "reference": "1.0.0",
                "shasum": "39abc614b5c26bcbf8102e203c52dee73c4460a8"
            },
            "require": {
                "php": ">=5.3.3"
            },
            "require-dev": {
                "fabpot/php-cs-fixer": "*@dev",
                "phpunit/phpunit": "~3.7"
            },
            "type": "library",
            "extra": {
                "branch-alias": {
                    "dev-master": "1.0-dev"
                }
            },
            "autoload": {
                "psr-0": {
                    "ZendXml": "library/"
                }
            },
            "license": [
                "BSD-3-Clause"
            ],
            "description": "Utility library for XML usage, best practices, and security in PHP",
            "homepage": "http://packages.zendframework.com/",
            "keywords": [
                "security",
                "xml",
                "zf2"
            ],
            "support": {
                "source": "https://github.com/zendframework/ZendXml/tree/master",
                "issues": "https://github.com/zendframework/ZendXml/issues"
            },
            "time": "2014-03-05 22:25:44"
        }
    ],
    "packages-dev": [

    ],
    "aliases": [

    ],
    "minimum-stability": "stable",
    "stability-flags": [

    ],
    "platform": {
        "php": ">=5.3.0"
    },
    "platform-dev": [

    ]
}
